
Microsoft Visual Studio Solution File, Format Version 12.00
# Visual Studio Version 17
VisualStudioVersion = 17.13.35931.197 d17.13
MinimumVisualStudioVersion = 10.0.40219.1
Project("{FAE04EC0-301F-11D3-BF4B-00C04F79EFBC}") = "Client", "Client\Client.csproj", "{4EF55ABA-5DA2-4548-85B1-66391514EDDF}"
EndProject
Project("{FAE04EC0-301F-11D3-BF4B-00C04F79EFBC}") = "Server", "Server\Server.csproj", "{F7B3778A-FB84-4807-BACB-6F2D8B281E60}"
EndProject
Global
	GlobalSection(SolutionConfigurationPlatforms) = preSolution
		Debug|Any CPU = Debug|Any CPU
		Release|Any CPU = Release|Any CPU
	EndGlobalSection
	GlobalSection(ProjectConfigurationPlatforms) = postSolution
		{4EF55ABA-5DA2-4548-85B1-66391514EDDF}.Debug|Any CPU.ActiveCfg = Debug|Any CPU
		{4EF55ABA-5DA2-4548-85B1-66391514EDDF}.Debug|Any CPU.Build.0 = Debug|Any CPU
		{4EF55ABA-5DA2-4548-85B1-66391514EDDF}.Release|Any CPU.ActiveCfg = Release|Any CPU
		{4EF55ABA-5DA2-4548-85B1-66391514EDDF}.Release|Any CPU.Build.0 = Release|Any CPU
		{F7B3778A-FB84-4807-BACB-6F2D8B281E60}.Debug|Any CPU.ActiveCfg = Debug|Any CPU
		{F7B3778A-FB84-4807-BACB-6F2D8B281E60}.Debug|Any CPU.Build.0 = Debug|Any CPU
		{F7B3778A-FB84-4807-BACB-6F2D8B281E60}.Release|Any CPU.ActiveCfg = Release|Any CPU
		{F7B3778A-FB84-4807-BACB-6F2D8B281E60}.Release|Any CPU.Build.0 = Release|Any CPU
	EndGlobalSection
	GlobalSection(SolutionProperties) = preSolution
		HideSolutionNode = FALSE
	EndGlobalSection
	GlobalSection(ExtensibilityGlobals) = postSolution
		SolutionGuid = {1158CC61-BD71-41B4-B32F-044731B68A86}
	EndGlobalSection
EndGlobal
